
Microsoft Visual Studio Solution File, Format Version 12.00
# Visual Studio Version 16
VisualStudioVersion = 16.0.30114.105
MinimumVisualStudioVersion = 10.0.40219.1
Project("{9A19103F-16F7-4668-BE54-9A1E7A4F7556}") = "Liquor Shop", "Liquor Shop.csproj", "{21766D63-99E2-4F04-AAFE-54D5E5FBA79E}"
EndProject
Global
	GlobalSection(SolutionConfigurationPlatforms) = preSolution
		Debug|Any CPU = Debug|Any CPU
		Release|Any CPU = Release|Any CPU
	EndGlobalSection
	GlobalSection(ProjectConfigurationPlatforms) = postSolution
		{21766D63-99E2-4F04-AAFE-54D5E5FBA79E}.Debug|Any CPU.ActiveCfg = Debug|Any CPU
		{21766D63-99E2-4F04-AAFE-54D5E5FBA79E}.Debug|Any CPU.Build.0 = Debug|Any CPU
		{21766D63-99E2-4F04-AAFE-54D5E5FBA79E}.Release|Any CPU.ActiveCfg = Release|Any CPU
		{21766D63-99E2-4F04-AAFE-54D5E5FBA79E}.Release|Any CPU.Build.0 = Release|Any CPU
	EndGlobalSection
	GlobalSection(SolutionProperties) = preSolution
		HideSolutionNode = FALSE
	EndGlobalSection
	GlobalSection(ExtensibilityGlobals) = postSolution
		SolutionGuid = {CFB2F292-0A68-473C-AE4B-BD9E532D551E}
	EndGlobalSection
EndGlobal
